
Microsoft Visual Studio Solution File, Format Version 12.00
# Visual Studio Version 17
VisualStudioVersion = 17.6.33815.320
MinimumVisualStudioVersion = 10.0.40219.1
Project("{FAE04EC0-301F-11D3-BF4B-00C04F79EFBC}") = "Server", "Server\Server.csproj", "{EB65F4D3-E6D0-4C0D-A374-9BFCDB96B995}"
EndProject
Global
	GlobalSection(SolutionConfigurationPlatforms) = preSolution
		Debug|Any CPU = Debug|Any CPU
		Release|Any CPU = Release|Any CPU
	EndGlobalSection
	GlobalSection(ProjectConfigurationPlatforms) = postSolution
		{EB65F4D3-E6D0-4C0D-A374-9BFCDB96B995}.Debug|Any CPU.ActiveCfg = Debug|Any CPU
		{EB65F4D3-E6D0-4C0D-A374-9BFCDB96B995}.Debug|Any CPU.Build.0 = Debug|Any CPU
		{EB65F4D3-E6D0-4C0D-A374-9BFCDB96B995}.Release|Any CPU.ActiveCfg = Release|Any CPU
		{EB65F4D3-E6D0-4C0D-A374-9BFCDB96B995}.Release|Any CPU.Build.0 = Release|Any CPU
	EndGlobalSection
	GlobalSection(SolutionProperties) = preSolution
		HideSolutionNode = FALSE
	EndGlobalSection
	GlobalSection(ExtensibilityGlobals) = postSolution
		SolutionGuid = {C2B7FCBE-041D-4A73-A778-189DBFA81C50}
	EndGlobalSection
EndGlobal
